
Microsoft Visual Studio Solution File, Format Version 12.00
# Visual Studio Version 16
VisualStudioVersion = 16.0.32002.261
MinimumVisualStudioVersion = 10.0.40219.1
Project("{FAE04EC0-301F-11D3-BF4B-00C04F79EFBC}") = "Vqvfinal", "Vqvfinal\Vqvfinal.csproj", "{914EB26B-13AF-47CD-8198-671B9DE2BEBE}"
EndProject
Global
	GlobalSection(SolutionConfigurationPlatforms) = preSolution
		Debug|Any CPU = Debug|Any CPU
		Release|Any CPU = Release|Any CPU
	EndGlobalSection
	GlobalSection(ProjectConfigurationPlatforms) = postSolution
		{914EB26B-13AF-47CD-8198-671B9DE2BEBE}.Debug|Any CPU.ActiveCfg = Debug|Any CPU
		{914EB26B-13AF-47CD-8198-671B9DE2BEBE}.Debug|Any CPU.Build.0 = Debug|Any CPU
		{914EB26B-13AF-47CD-8198-671B9DE2BEBE}.Release|Any CPU.ActiveCfg = Release|Any CPU
		{914EB26B-13AF-47CD-8198-671B9DE2BEBE}.Release|Any CPU.Build.0 = Release|Any CPU
	EndGlobalSection
	GlobalSection(SolutionProperties) = preSolution
		HideSolutionNode = FALSE
	EndGlobalSection
	GlobalSection(ExtensibilityGlobals) = postSolution
		SolutionGuid = {078C9BCD-D6B4-42BF-9B16-235A81F8720A}
	EndGlobalSection
EndGlobal
